// !$*UTF8*$!
{
	archiveVersion = 1;
	classes = {
	};
	objectVersion = 50;
	objects = {

/* Begin PBXBuildFile section */
		1A1D5812220F39E500781D00 /* ActionStruct.swift in Sources */ = {isa = PBXBuildFile; fileRef = 1A1D5811220F39E500781D00 /* ActionStruct.swift */; };
		1A3FFCC922134B9700515AA8 /* Helper.swift in Sources */ = {isa = PBXBuildFile; fileRef = 1A3FFCC822134B9700515AA8 /* Helper.swift */; };
		1A898D452208816800EF0FB1 /* TableViewCellAction.swift in Sources */ = {isa = PBXBuildFile; fileRef = 1A898D442208816800EF0FB1 /* TableViewCellAction.swift */; };
		1A8DA08721F3E16800B66AD7 /* AppDelegate.swift in Sources */ = {isa = PBXBuildFile; fileRef = 1A8DA08621F3E16800B66AD7 /* AppDelegate.swift */; };
		1A8DA08921F3E16800B66AD7 /* ViewController.swift in Sources */ = {isa = PBXBuildFile; fileRef = 1A8DA08821F3E16800B66AD7 /* ViewController.swift */; };
		1A8DA08C21F3E16800B66AD7 /* Main.storyboard in Resources */ = {isa = PBXBuildFile; fileRef = 1A8DA08A21F3E16800B66AD7 /* Main.storyboard */; };
		1A8DA08F21F3E16800B66AD7 /* Metas.xcdatamodeld in Sources */ = {isa = PBXBuildFile; fileRef = 1A8DA08D21F3E16800B66AD7 /* Metas.xcdatamodeld */; };
		1A8DA09121F3E16800B66AD7 /* Assets.xcassets in Resources */ = {isa = PBXBuildFile; fileRef = 1A8DA09021F3E16800B66AD7 /* Assets.xcassets */; };
		1A8DA09421F3E16800B66AD7 /* LaunchScreen.storyboard in Resources */ = {isa = PBXBuildFile; fileRef = 1A8DA09221F3E16800B66AD7 /* LaunchScreen.storyboard */; };
		1AC0F698220F5EE900077EC7 /* GoalCollectionViewCell.swift in Sources */ = {isa = PBXBuildFile; fileRef = 1AC0F697220F5EE900077EC7 /* GoalCollectionViewCell.swift */; };
		1ACCB1D0220E31C6008F715C /* Goal.swift in Sources */ = {isa = PBXBuildFile; fileRef = 1ACCB1CF220E31C6008F715C /* Goal.swift */; };
		1ACCB1D2220E3229008F715C /* GoalStruct.swift in Sources */ = {isa = PBXBuildFile; fileRef = 1ACCB1D1220E3229008F715C /* GoalStruct.swift */; };
		1ADAB7F32221C05800125449 /* CellDelegate.swift in Sources */ = {isa = PBXBuildFile; fileRef = 1ADAB7F22221C05800125449 /* CellDelegate.swift */; };
		1AF52D672205129A00E0460F /* NewGoalViewController.swift in Sources */ = {isa = PBXBuildFile; fileRef = 1AF52D662205129A00E0460F /* NewGoalViewController.swift */; };
/* End PBXBuildFile section */

/* Begin PBXFileReference section */
		1A1D5811220F39E500781D00 /* ActionStruct.swift */ = {isa = PBXFileReference; lastKnownFileType = sourcecode.swift; path = ActionStruct.swift; sourceTree = "<group>"; };
		1A3FFCC822134B9700515AA8 /* Helper.swift */ = {isa = PBXFileReference; lastKnownFileType = sourcecode.swift; path = Helper.swift; sourceTree = "<group>"; };
		1A898D442208816800EF0FB1 /* TableViewCellAction.swift */ = {isa = PBXFileReference; lastKnownFileType = sourcecode.swift; path = TableViewCellAction.swift; sourceTree = "<group>"; };
		1A8DA08321F3E16800B66AD7 /* Metas.app */ = {isa = PBXFileReference; explicitFileType = wrapper.application; includeInIndex = 0; path = Metas.app; sourceTree = BUILT_PRODUCTS_DIR; };
		1A8DA08621F3E16800B66AD7 /* AppDelegate.swift */ = {isa = PBXFileReference; lastKnownFileType = sourcecode.swift; path = AppDelegate.swift; sourceTree = "<group>"; };
		1A8DA08821F3E16800B66AD7 /* ViewController.swift */ = {isa = PBXFileReference; lastKnownFileType = sourcecode.swift; path = ViewController.swift; sourceTree = "<group>"; };
		1A8DA08B21F3E16800B66AD7 /* Base */ = {isa = PBXFileReference; lastKnownFileType = file.storyboard; name = Base; path = Base.lproj/Main.storyboard; sourceTree = "<group>"; };
		1A8DA08E21F3E16800B66AD7 /* Metas.xcdatamodel */ = {isa = PBXFileReference; lastKnownFileType = wrapper.xcdatamodel; path = Metas.xcdatamodel; sourceTree = "<group>"; };
		1A8DA09021F3E16800B66AD7 /* Assets.xcassets */ = {isa = PBXFileReference; lastKnownFileType = folder.assetcatalog; path = Assets.xcassets; sourceTree = "<group>"; };
		1A8DA09321F3E16800B66AD7 /* Base */ = {isa = PBXFileReference; lastKnownFileType = file.storyboard; name = Base; path = Base.lproj/LaunchScreen.storyboard; sourceTree = "<group>"; };
		1A8DA09521F3E16800B66AD7 /* Info.plist */ = {isa = PBXFileReference; lastKnownFileType = text.plist.xml; path = Info.plist; sourceTree = "<group>"; };
		1AC0F697220F5EE900077EC7 /* GoalCollectionViewCell.swift */ = {isa = PBXFileReference; lastKnownFileType = sourcecode.swift; path = GoalCollectionViewCell.swift; sourceTree = "<group>"; };
		1ACCB1CF220E31C6008F715C /* Goal.swift */ = {isa = PBXFileReference; lastKnownFileType = sourcecode.swift; path = Goal.swift; sourceTree = "<group>"; };
		1ACCB1D1220E3229008F715C /* GoalStruct.swift */ = {isa = PBXFileReference; lastKnownFileType = sourcecode.swift; path = GoalStruct.swift; sourceTree = "<group>"; };
		1ADAB7F22221C05800125449 /* CellDelegate.swift */ = {isa = PBXFileReference; lastKnownFileType = sourcecode.swift; path = CellDelegate.swift; sourceTree = "<group>"; };
		1AF52D662205129A00E0460F /* NewGoalViewController.swift */ = {isa = PBXFileReference; lastKnownFileType = sourcecode.swift; path = NewGoalViewController.swift; sourceTree = "<group>"; };
/* End PBXFileReference section */

/* Begin PBXFrameworksBuildPhase section */
		1A8DA08021F3E16800B66AD7 /* Frameworks */ = {
			isa = PBXFrameworksBuildPhase;
			buildActionMask = 2147483647;
			files = (
			);
			runOnlyForDeploymentPostprocessing = 0;
		};
/* End PBXFrameworksBuildPhase section */

/* Begin PBXGroup section */
		1A1D5810220F39D200781D00 /* Structs */ = {
			isa = PBXGroup;
			children = (
				1ACCB1D1220E3229008F715C /* GoalStruct.swift */,
				1A1D5811220F39E500781D00 /* ActionStruct.swift */,
			);
			path = Structs;
			sourceTree = "<group>";
		};
		1A3FFCC722134B8000515AA8 /* Helpers */ = {
			isa = PBXGroup;
			children = (
				1A3FFCC822134B9700515AA8 /* Helper.swift */,
			);
			path = Helpers;
			sourceTree = "<group>";
		};
		1A898D432208811D00EF0FB1 /* New Goal */ = {
			isa = PBXGroup;
			children = (
				1A1D5810220F39D200781D00 /* Structs */,
				1AF52D662205129A00E0460F /* NewGoalViewController.swift */,
				1A898D442208816800EF0FB1 /* TableViewCellAction.swift */,
				1ACCB1CF220E31C6008F715C /* Goal.swift */,
			);
			path = "New Goal";
			sourceTree = "<group>";
		};
		1A8DA07A21F3E16800B66AD7 = {
			isa = PBXGroup;
			children = (
				1A8DA08521F3E16800B66AD7 /* Metas */,
				1A8DA08421F3E16800B66AD7 /* Products */,
			);
			sourceTree = "<group>";
		};
		1A8DA08421F3E16800B66AD7 /* Products */ = {
			isa = PBXGroup;
			children = (
				1A8DA08321F3E16800B66AD7 /* Metas.app */,
			);
			name = Products;
			sourceTree = "<group>";
		};
		1A8DA08521F3E16800B66AD7 /* Metas */ = {
			isa = PBXGroup;
			children = (
				1A3FFCC722134B8000515AA8 /* Helpers */,
				1AC0F696220F5EAE00077EC7 /* Home */,
				1A898D432208811D00EF0FB1 /* New Goal */,
				1A8DA08621F3E16800B66AD7 /* AppDelegate.swift */,
				1A8DA08A21F3E16800B66AD7 /* Main.storyboard */,
				1A8DA09021F3E16800B66AD7 /* Assets.xcassets */,
				1A8DA09221F3E16800B66AD7 /* LaunchScreen.storyboard */,
				1A8DA09521F3E16800B66AD7 /* Info.plist */,
				1A8DA08D21F3E16800B66AD7 /* Metas.xcdatamodeld */,
			);
			path = Metas;
			sourceTree = "<group>";
		};
		1AC0F696220F5EAE00077EC7 /* Home */ = {
			isa = PBXGroup;
			children = (
				1A8DA08821F3E16800B66AD7 /* ViewController.swift */,
				1AC0F697220F5EE900077EC7 /* GoalCollectionViewCell.swift */,
				1ADAB7F22221C05800125449 /* CellDelegate.swift */,
			);
			path = Home;
			sourceTree = "<group>";
		};
/* End PBXGroup section */

/* Begin PBXNativeTarget section */
		1A8DA08221F3E16800B66AD7 /* Metas */ = {
			isa = PBXNativeTarget;
			buildConfigurationList = 1A8DA09821F3E16800B66AD7 /* Build configuration list for PBXNativeTarget "Metas" */;
			buildPhases = (
				1A8DA07F21F3E16800B66AD7 /* Sources */,
				1A8DA08021F3E16800B66AD7 /* Frameworks */,
				1A8DA08121F3E16800B66AD7 /* Resources */,
			);
			buildRules = (
			);
			dependencies = (
			);
			name = Metas;
			productName = Metas;
			productReference = 1A8DA08321F3E16800B66AD7 /* Metas.app */;
			productType = "com.apple.product-type.application";
		};
/* End PBXNativeTarget section */

/* Begin PBXProject section */
		1A8DA07B21F3E16800B66AD7 /* Project object */ = {
			isa = PBXProject;
			attributes = {
				LastSwiftUpdateCheck = 1010;
				LastUpgradeCheck = 1010;
				ORGANIZATIONNAME = "Alcides Junior";
				TargetAttributes = {
					1A8DA08221F3E16800B66AD7 = {
						CreatedOnToolsVersion = 10.1;
					};
				};
			};
			buildConfigurationList = 1A8DA07E21F3E16800B66AD7 /* Build configuration list for PBXProject "Metas" */;
			compatibilityVersion = "Xcode 9.3";
			developmentRegion = en;
			hasScannedForEncodings = 0;
			knownRegions = (
				en,
				Base,
			);
			mainGroup = 1A8DA07A21F3E16800B66AD7;
			productRefGroup = 1A8DA08421F3E16800B66AD7 /* Products */;
			projectDirPath = "";
			projectRoot = "";
			targets = (
				1A8DA08221F3E16800B66AD7 /* Metas */,
			);
		};
/* End PBXProject section */

/* Begin PBXResourcesBuildPhase section */
		1A8DA08121F3E16800B66AD7 /* Resources */ = {
			isa = PBXResourcesBuildPhase;
			buildActionMask = 2147483647;
			files = (
				1A8DA09421F3E16800B66AD7 /* LaunchScreen.storyboard in Resources */,
				1A8DA09121F3E16800B66AD7 /* Assets.xcassets in Resources */,
				1A8DA08C21F3E16800B66AD7 /* Main.storyboard in Resources */,
			);
			runOnlyForDeploymentPostprocessing = 0;
		};
/* End PBXResourcesBuildPhase section */

/* Begin PBXSourcesBuildPhase section */
		1A8DA07F21F3E16800B66AD7 /* Sources */ = {
			isa = PBXSourcesBuildPhase;
			buildActionMask = 2147483647;
			files = (
				1A1D5812220F39E500781D00 /* ActionStruct.swift in Sources */,
				1A8DA08921F3E16800B66AD7 /* ViewController.swift in Sources */,
				1A898D452208816800EF0FB1 /* TableViewCellAction.swift in Sources */,
				1A8DA08721F3E16800B66AD7 /* AppDelegate.swift in Sources */,
				1AC0F698220F5EE900077EC7 /* GoalCollectionViewCell.swift in Sources */,
				1AF52D672205129A00E0460F /* NewGoalViewController.swift in Sources */,
				1ACCB1D2220E3229008F715C /* GoalStruct.swift in Sources */,
				1A3FFCC922134B9700515AA8 /* Helper.swift in Sources */,
				1ACCB1D0220E31C6008F715C /* Goal.swift in Sources */,
				1A8DA08F21F3E16800B66AD7 /* Metas.xcdatamodeld in Sources */,
				1ADAB7F32221C05800125449 /* CellDelegate.swift in Sources */,
			);
			runOnlyForDeploymentPostprocessing = 0;
		};
/* End PBXSourcesBuildPhase section */

/* Begin PBXVariantGroup section */
		1A8DA08A21F3E16800B66AD7 /* Main.storyboard */ = {
			isa = PBXVariantGroup;
			children = (
				1A8DA08B21F3E16800B66AD7 /* Base */,
			);
			name = Main.storyboard;
			sourceTree = "<group>";
		};
		1A8DA09221F3E16800B66AD7 /* LaunchScreen.storyboard */ = {
			isa = PBXVariantGroup;
			children = (
				1A8DA09321F3E16800B66AD7 /* Base */,
			);
			name = LaunchScreen.storyboard;
			sourceTree = "<group>";
		};
/* End PBXVariantGroup section */

/* Begin XCBuildConfiguration section */
		1A8DA09621F3E16800B66AD7 /* Debug */ = {
			isa = XCBuildConfiguration;
			buildSettings = {
				ALWAYS_SEARCH_USER_PATHS = NO;
				CLANG_ANALYZER_NONNULL = YES;
				CLANG_ANALYZER_NUMBER_OBJECT_CONVERSION = YES_AGGRESSIVE;
				CLANG_CXX_LANGUAGE_STANDARD = "gnu++14";
				CLANG_CXX_LIBRARY = "libc++";
				CLANG_ENABLE_MODULES = YES;
				CLANG_ENABLE_OBJC_ARC = YES;
				CLANG_ENABLE_OBJC_WEAK = YES;
				CLANG_WARN_BLOCK_CAPTURE_AUTORELEASING = YES;
				CLANG_WARN_BOOL_CONVERSION = YES;
				CLANG_WARN_COMMA = YES;
				CLANG_WARN_CONSTANT_CONVERSION = YES;
				CLANG_WARN_DEPRECATED_OBJC_IMPLEMENTATIONS = YES;
				CLANG_WARN_DIRECT_OBJC_ISA_USAGE = YES_ERROR;
				CLANG_WARN_DOCUMENTATION_COMMENTS = YES;
				CLANG_WARN_EMPTY_BODY = YES;
				CLANG_WARN_ENUM_CONVERSION = YES;
				CLANG_WARN_INFINITE_RECURSION = YES;
				CLANG_WARN_INT_CONVERSION = YES;
				CLANG_WARN_NON_LITERAL_NULL_CONVERSION = YES;
				CLANG_WARN_OBJC_IMPLICIT_RETAIN_SELF = YES;
				CLANG_WARN_OBJC_LITERAL_CONVERSION = YES;
				CLANG_WARN_OBJC_ROOT_CLASS = YES_ERROR;
				CLANG_WARN_RANGE_LOOP_ANALYSIS = YES;
				CLANG_WARN_STRICT_PROTOTYPES = YES;
				CLANG_WARN_SUSPICIOUS_MOVE = YES;
				CLANG_WARN_UNGUARDED_AVAILABILITY = YES_AGGRESSIVE;
				CLANG_WARN_UNREACHABLE_CODE = YES;
				CLANG_WARN__DUPLICATE_METHOD_MATCH = YES;
				CODE_SIGN_IDENTITY = "iPhone Developer";
				COPY_PHASE_STRIP = NO;
				DEBUG_INFORMATION_FORMAT = dwarf;
				ENABLE_STRICT_OBJC_MSGSEND = YES;
				ENABLE_TESTABILITY = YES;
				GCC_C_LANGUAGE_STANDARD = gnu11;
				GCC_DYNAMIC_NO_PIC = NO;
				GCC_NO_COMMON_BLOCKS = YES;
				GCC_OPTIMIZATION_LEVEL = 0;
				GCC_PREPROCESSOR_DEFINITIONS = (
					"DEBUG=1",
					"$(inherited)",
				);
				GCC_WARN_64_TO_32_BIT_CONVERSION = YES;
				GCC_WARN_ABOUT_RETURN_TYPE = YES_ERROR;
				GCC_WARN_UNDECLARED_SELECTOR = YES;
				GCC_WARN_UNINITIALIZED_AUTOS = YES_AGGRESSIVE;
				GCC_WARN_UNUSED_FUNCTION = YES;
				GCC_WARN_UNUSED_VARIABLE = YES;
				IPHONEOS_DEPLOYMENT_TARGET = 12.1;
				MTL_ENABLE_DEBUG_INFO = INCLUDE_SOURCE;
				MTL_FAST_MATH = YES;
				ONLY_ACTIVE_ARCH = YES;
				SDKROOT = iphoneos;
				SWIFT_ACTIVE_COMPILATION_CONDITIONS = DEBUG;
				SWIFT_OPTIMIZATION_LEVEL = "-Onone";
			};
			name = Debug;
		};
		1A8DA09721F3E16800B66AD7 /* Release */ = {
			isa = XCBuildConfiguration;
			buildSettings = {
				ALWAYS_SEARCH_USER_PATHS = NO;
				CLANG_ANALYZER_NONNULL = YES;
				CLANG_ANALYZER_NUMBER_OBJECT_CONVERSION = YES_AGGRESSIVE;
				CLANG_CXX_LANGUAGE_STANDARD = "gnu++14";
				CLANG_CXX_LIBRARY = "libc++";
				CLANG_ENABLE_MODULES = YES;
				CLANG_ENABLE_OBJC_ARC = YES;
				CLANG_ENABLE_OBJC_WEAK = YES;
				CLANG_WARN_BLOCK_CAPTURE_AUTORELEASING = YES;
				CLANG_WARN_BOOL_CONVERSION = YES;
				CLANG_WARN_COMMA = YES;
				CLANG_WARN_CONSTANT_CONVERSION = YES;
				CLANG_WARN_DEPRECATED_OBJC_IMPLEMENTATIONS = YES;
				CLANG_WARN_DIRECT_OBJC_ISA_USAGE = YES_ERROR;
				CLANG_WARN_DOCUMENTATION_COMMENTS = YES;
				CLANG_WARN_EMPTY_BODY = YES;
				CLANG_WARN_ENUM_CONVERSION = YES;
				CLANG_WARN_INFINITE_RECURSION = YES;
				CLANG_WARN_INT_CONVERSION = YES;
				CLANG_WARN_NON_LITERAL_NULL_CONVERSION = YES;
				CLANG_WARN_OBJC_IMPLICIT_RETAIN_SELF = YES;
				CLANG_WARN_OBJC_LITERAL_CONVERSION = YES;
				CLANG_WARN_OBJC_ROOT_CLASS = YES_ERROR;
				CLANG_WARN_RANGE_LOOP_ANALYSIS = YES;
				CLANG_WARN_STRICT_PROTOTYPES = YES;
				CLANG_WARN_SUSPICIOUS_MOVE = YES;
				CLANG_WARN_UNGUARDED_AVAILABILITY = YES_AGGRESSIVE;
				CLANG_WARN_UNREACHABLE_CODE = YES;
				CLANG_WARN__DUPLICATE_METHOD_MATCH = YES;
				CODE_SIGN_IDENTITY = "iPhone Developer";
				COPY_PHASE_STRIP = NO;
				DEBUG_INFORMATION_FORMAT = "dwarf-with-dsym";
				ENABLE_NS_ASSERTIONS = NO;
				ENABLE_STRICT_OBJC_MSGSEND = YES;
				GCC_C_LANGUAGE_STANDARD = gnu11;
				GCC_NO_COMMON_BLOCKS = YES;
				GCC_WARN_64_TO_32_BIT_CONVERSION = YES;
				GCC_WARN_ABOUT_RETURN_TYPE = YES_ERROR;
				GCC_WARN_UNDECLARED_SELECTOR = YES;
				GCC_WARN_UNINITIALIZED_AUTOS = YES_AGGRESSIVE;
				GCC_WARN_UNUSED_FUNCTION = YES;
				GCC_WARN_UNUSED_VARIABLE = YES;
				IPHONEOS_DEPLOYMENT_TARGET = 12.1;
				MTL_ENABLE_DEBUG_INFO = NO;
				MTL_FAST_MATH = YES;
				SDKROOT = iphoneos;
				SWIFT_COMPILATION_MODE = wholemodule;
				SWIFT_OPTIMIZATION_LEVEL = "-O";
				VALIDATE_PRODUCT = YES;
			};
			name = Release;
		};
		1A8DA09921F3E16800B66AD7 /* Debug */ = {
			isa = XCBuildConfiguration;
			buildSettings = {
				ASSETCATALOG_COMPILER_APPICON_NAME = AppIcon;
				CODE_SIGN_STYLE = Automatic;
				DEVELOPMENT_TEAM = H5762RAVC8;
				INFOPLIST_FILE = Metas/Info.plist;
				LD_RUNPATH_SEARCH_PATHS = (
					"$(inherited)",
					"@executable_path/Frameworks",
				);
				PRODUCT_BUNDLE_IDENTIFIER = com.alcides.Metas;
				PRODUCT_NAME = "$(TARGET_NAME)";
				SWIFT_VERSION = 4.2;
				TARGETED_DEVICE_FAMILY = "1,2";
			};
			name = Debug;
		};
		1A8DA09A21F3E16800B66AD7 /* Release */ = {
			isa = XCBuildConfiguration;
			buildSettings = {
				ASSETCATALOG_COMPILER_APPICON_NAME = AppIcon;
				CODE_SIGN_STYLE = Automatic;
				DEVELOPMENT_TEAM = H5762RAVC8;
				INFOPLIST_FILE = Metas/Info.plist;
				LD_RUNPATH_SEARCH_PATHS = (
					"$(inherited)",
					"@executable_path/Frameworks",
				);
				PRODUCT_BUNDLE_IDENTIFIER = com.alcides.Metas;
				PRODUCT_NAME = "$(TARGET_NAME)";
				SWIFT_VERSION = 4.2;
				TARGETED_DEVICE_FAMILY = "1,2";
			};
			name = Release;
		};
/* End XCBuildConfiguration section */

/* Begin XCConfigurationList section */
		1A8DA07E21F3E16800B66AD7 /* Build configuration list for PBXProject "Metas" */ = {
			isa = XCConfigurationList;
			buildConfigurations = (
				1A8DA09621F3E16800B66AD7 /* Debug */,
				1A8DA09721F3E16800B66AD7 /* Release */,
			);
			defaultConfigurationIsVisible = 0;
			defaultConfigurationName = Release;
		};
		1A8DA09821F3E16800B66AD7 /* Build configuration list for PBXNativeTarget "Metas" */ = {
			isa = XCConfigurationList;
			buildConfigurations = (
				1A8DA09921F3E16800B66AD7 /* Debug */,
				1A8DA09A21F3E16800B66AD7 /* Release */,
			);
			defaultConfigurationIsVisible = 0;
			defaultConfigurationName = Release;
		};
/* End XCConfigurationList section */

/* Begin XCVersionGroup section */
		1A8DA08D21F3E16800B66AD7 /* Metas.xcdatamodeld */ = {
			isa = XCVersionGroup;
			children = (
				1A8DA08E21F3E16800B66AD7 /* Metas.xcdatamodel */,
			);
			currentVersion = 1A8DA08E21F3E16800B66AD7 /* Metas.xcdatamodel */;
			path = Metas.xcdatamodeld;
			sourceTree = "<group>";
			versionGroupType = wrapper.xcdatamodel;
		};
/* End XCVersionGroup section */
	};
	rootObject = 1A8DA07B21F3E16800B66AD7 /* Project object */;
}
